
Microsoft Visual Studio Solution File, Format Version 12.00
# Visual Studio Version 16
VisualStudioVersion = 16.0.34031.81
MinimumVisualStudioVersion = 10.0.40219.1
Project("{888888A0-9F3D-457C-B088-3A5042F75D52}") = "3OPractica04Python", "3OPractica04Python\3OPractica04Python.pyproj", "{0AE1D58F-FFA5-4975-AE16-0B40C22D32D0}"
EndProject
Global
	GlobalSection(SolutionConfigurationPlatforms) = preSolution
		Debug|Any CPU = Debug|Any CPU
		Release|Any CPU = Release|Any CPU
	EndGlobalSection
	GlobalSection(ProjectConfigurationPlatforms) = postSolution
		{0AE1D58F-FFA5-4975-AE16-0B40C22D32D0}.Debug|Any CPU.ActiveCfg = Debug|Any CPU
		{0AE1D58F-FFA5-4975-AE16-0B40C22D32D0}.Release|Any CPU.ActiveCfg = Release|Any CPU
	EndGlobalSection
	GlobalSection(SolutionProperties) = preSolution
		HideSolutionNode = FALSE
	EndGlobalSection
	GlobalSection(ExtensibilityGlobals) = postSolution
		SolutionGuid = {C9DBE3D5-5080-4528-A793-B7494B6BCDD3}
	EndGlobalSection
EndGlobal
